
Microsoft Visual Studio Solution File, Format Version 12.00
# Visual Studio Version 17
VisualStudioVersion = 17.3.32819.101
MinimumVisualStudioVersion = 10.0.40219.1
Project("{FAE04EC0-301F-11D3-BF4B-00C04F79EFBC}") = "CRUD_DA", "CRUD_DA\CRUD_DA.csproj", "{6E4570FC-36FE-4E96-9E31-531524E6F714}"
EndProject
Project("{FAE04EC0-301F-11D3-BF4B-00C04F79EFBC}") = "PlayerGameUIDemo", "PlayerGameUIDemo\PlayerGameUIDemo.csproj", "{7E695741-51E9-45A6-BD53-40D7A4A0753E}"
EndProject
Global
	GlobalSection(SolutionConfigurationPlatforms) = preSolution
		Debug|Any CPU = Debug|Any CPU
		Release|Any CPU = Release|Any CPU
	EndGlobalSection
	GlobalSection(ProjectConfigurationPlatforms) = postSolution
		{6E4570FC-36FE-4E96-9E31-531524E6F714}.Debug|Any CPU.ActiveCfg = Debug|Any CPU
		{6E4570FC-36FE-4E96-9E31-531524E6F714}.Debug|Any CPU.Build.0 = Debug|Any CPU
		{6E4570FC-36FE-4E96-9E31-531524E6F714}.Release|Any CPU.ActiveCfg = Release|Any CPU
		{6E4570FC-36FE-4E96-9E31-531524E6F714}.Release|Any CPU.Build.0 = Release|Any CPU
		{7E695741-51E9-45A6-BD53-40D7A4A0753E}.Debug|Any CPU.ActiveCfg = Debug|Any CPU
		{7E695741-51E9-45A6-BD53-40D7A4A0753E}.Debug|Any CPU.Build.0 = Debug|Any CPU
		{7E695741-51E9-45A6-BD53-40D7A4A0753E}.Release|Any CPU.ActiveCfg = Release|Any CPU
		{7E695741-51E9-45A6-BD53-40D7A4A0753E}.Release|Any CPU.Build.0 = Release|Any CPU
	EndGlobalSection
	GlobalSection(SolutionProperties) = preSolution
		HideSolutionNode = FALSE
	EndGlobalSection
	GlobalSection(ExtensibilityGlobals) = postSolution
		SolutionGuid = {BE774977-C6E1-4546-B350-91FF4C39A132}
	EndGlobalSection
EndGlobal
